
Microsoft Visual Studio Solution File, Format Version 12.00
# Visual Studio 15
VisualStudioVersion = 15.0.28307.572
MinimumVisualStudioVersion = 10.0.40219.1
Project("{FAE04EC0-301F-11D3-BF4B-00C04F79EFBC}") = "FlexLayoutSharp", "FlexLayoutSharp\FlexLayoutSharp.csproj", "{DFDDEF42-75A4-4FEF-8A43-0E4B4E66F7DE}"
EndProject
Project("{9A19103F-16F7-4668-BE54-9A1E7A4F7556}") = "TestFlexLayoutSharp", "TestFlexLayoutSharp\TestFlexLayoutSharp.csproj", "{D09E7062-44D2-4373-A374-70A82168DCD4}"
EndProject
Global
	GlobalSection(SolutionConfigurationPlatforms) = preSolution
		Debug|Any CPU = Debug|Any CPU
		Release|Any CPU = Release|Any CPU
	EndGlobalSection
	GlobalSection(ProjectConfigurationPlatforms) = postSolution
		{DFDDEF42-75A4-4FEF-8A43-0E4B4E66F7DE}.Debug|Any CPU.ActiveCfg = Debug|Any CPU
		{DFDDEF42-75A4-4FEF-8A43-0E4B4E66F7DE}.Debug|Any CPU.Build.0 = Debug|Any CPU
		{DFDDEF42-75A4-4FEF-8A43-0E4B4E66F7DE}.Release|Any CPU.ActiveCfg = Release|Any CPU
		{DFDDEF42-75A4-4FEF-8A43-0E4B4E66F7DE}.Release|Any CPU.Build.0 = Release|Any CPU
		{D09E7062-44D2-4373-A374-70A82168DCD4}.Debug|Any CPU.ActiveCfg = Debug|Any CPU
		{D09E7062-44D2-4373-A374-70A82168DCD4}.Debug|Any CPU.Build.0 = Debug|Any CPU
		{D09E7062-44D2-4373-A374-70A82168DCD4}.Release|Any CPU.ActiveCfg = Release|Any CPU
		{D09E7062-44D2-4373-A374-70A82168DCD4}.Release|Any CPU.Build.0 = Release|Any CPU
	EndGlobalSection
	GlobalSection(SolutionProperties) = preSolution
		HideSolutionNode = FALSE
	EndGlobalSection
	GlobalSection(ExtensibilityGlobals) = postSolution
		SolutionGuid = {578F1930-6791-4385-B6C4-746B480C300D}
	EndGlobalSection
EndGlobal
